// !$*UTF8*$!
{
	archiveVersion = 1;
	classes = {
	};
	objectVersion = 77;
	objects = {

/* Begin PBXCopyFilesBuildPhase section */
		3A7FE6C22F5019CB00D5A430 /* CopyFiles */ = {
			isa = PBXCopyFilesBuildPhase;
			buildActionMask = 2147483647;
			dstPath = /usr/share/man/man1/;
			dstSubfolderSpec = 0;
			files = (
			);
			runOnlyForDeploymentPostprocessing = 1;
		};
		3AEAF45F2F50369F00CA4CE3 /* CopyFiles */ = {
			isa = PBXCopyFilesBuildPhase;
			buildActionMask = 2147483647;
			dstPath = /usr/share/man/man1/;
			dstSubfolderSpec = 0;
			files = (
			);
			runOnlyForDeploymentPostprocessing = 1;
		};
		3AEAF46A2F503CCB00CA4CE3 /* CopyFiles */ = {
			isa = PBXCopyFilesBuildPhase;
			buildActionMask = 2147483647;
			dstPath = /usr/share/man/man1/;
			dstSubfolderSpec = 0;
			files = (
			);
			runOnlyForDeploymentPostprocessing = 1;
		};
		3AEAF4752F503D1500CA4CE3 /* CopyFiles */ = {
			isa = PBXCopyFilesBuildPhase;
			buildActionMask = 2147483647;
			dstPath = /usr/share/man/man1/;
			dstSubfolderSpec = 0;
			files = (
			);
			runOnlyForDeploymentPostprocessing = 1;
		};
/* End PBXCopyFilesBuildPhase section */

/* Begin PBXFileReference section */
		3A7FE6C42F5019CB00D5A430 /* lab3 */ = {isa = PBXFileReference; explicitFileType = "compiled.mach-o.executable"; includeInIndex = 0; path = lab3; sourceTree = BUILT_PRODUCTS_DIR; };
		3AEAF4612F50369F00CA4CE3 /* lab-dop1 */ = {isa = PBXFileReference; explicitFileType = "compiled.mach-o.executable"; includeInIndex = 0; path = "lab-dop1"; sourceTree = BUILT_PRODUCTS_DIR; };
		3AEAF46C2F503CCB00CA4CE3 /* lab-dop2 */ = {isa = PBXFileReference; explicitFileType = "compiled.mach-o.executable"; includeInIndex = 0; path = "lab-dop2"; sourceTree = BUILT_PRODUCTS_DIR; };
		3AEAF4772F503D1500CA4CE3 /* lab-dop3 */ = {isa = PBXFileReference; explicitFileType = "compiled.mach-o.executable"; includeInIndex = 0; path = "lab-dop3"; sourceTree = BUILT_PRODUCTS_DIR; };
/* End PBXFileReference section */

/* Begin PBXFileSystemSynchronizedRootGroup section */
		3A7FE6C62F5019CB00D5A430 /* lab3 */ = {
			isa = PBXFileSystemSynchronizedRootGroup;
			path = lab3;
			sourceTree = "<group>";
		};
		3AEAF4622F50369F00CA4CE3 /* lab-dop1 */ = {
			isa = PBXFileSystemSynchronizedRootGroup;
			path = "lab-dop1";
			sourceTree = "<group>";
		};
		3AEAF46D2F503CCB00CA4CE3 /* lab-dop2 */ = {
			isa = PBXFileSystemSynchronizedRootGroup;
			path = "lab-dop2";
			sourceTree = "<group>";
		};
		3AEAF4782F503D1500CA4CE3 /* lab-dop3 */ = {
			isa = PBXFileSystemSynchronizedRootGroup;
			path = "lab-dop3";
			sourceTree = "<group>";
		};
/* End PBXFileSystemSynchronizedRootGroup section */

/* Begin PBXFrameworksBuildPhase section */
		3A7FE6C12F5019CB00D5A430 /* Frameworks */ = {
			isa = PBXFrameworksBuildPhase;
			buildActionMask = 2147483647;
			files = (
			);
			runOnlyForDeploymentPostprocessing = 0;
		};
		3AEAF45E2F50369F00CA4CE3 /* Frameworks */ = {
			isa = PBXFrameworksBuildPhase;
			buildActionMask = 2147483647;
			files = (
			);
			runOnlyForDeploymentPostprocessing = 0;
		};
		3AEAF4692F503CCB00CA4CE3 /* Frameworks */ = {
			isa = PBXFrameworksBuildPhase;
			buildActionMask = 2147483647;
			files = (
			);
			runOnlyForDeploymentPostprocessing = 0;
		};
		3AEAF4742F503D1500CA4CE3 /* Frameworks */ = {
			isa = PBXFrameworksBuildPhase;
			buildActionMask = 2147483647;
			files = (
			);
			runOnlyForDeploymentPostprocessing = 0;
		};
/* End PBXFrameworksBuildPhase section */

/* Begin PBXGroup section */
		3A7FE6BB2F5019CB00D5A430 = {
			isa = PBXGroup;
			children = (
				3A7FE6C62F5019CB00D5A430 /* lab3 */,
				3AEAF4622F50369F00CA4CE3 /* lab-dop1 */,
				3AEAF46D2F503CCB00CA4CE3 /* lab-dop2 */,
				3AEAF4782F503D1500CA4CE3 /* lab-dop3 */,
				3A7FE6C52F5019CB00D5A430 /* Products */,
			);
			sourceTree = "<group>";
		};
		3A7FE6C52F5019CB00D5A430 /* Products */ = {
			isa = PBXGroup;
			children = (
				3A7FE6C42F5019CB00D5A430 /* lab3 */,
				3AEAF4612F50369F00CA4CE3 /* lab-dop1 */,
				3AEAF46C2F503CCB00CA4CE3 /* lab-dop2 */,
				3AEAF4772F503D1500CA4CE3 /* lab-dop3 */,
			);
			name = Products;
			sourceTree = "<group>";
		};
/* End PBXGroup section */

/* Begin PBXNativeTarget section */
		3A7FE6C32F5019CB00D5A430 /* lab3 */ = {
			isa = PBXNativeTarget;
			buildConfigurationList = 3A7FE6CB2F5019CB00D5A430 /* Build configuration list for PBXNativeTarget "lab3" */;
			buildPhases = (
				3A7FE6C02F5019CB00D5A430 /* Sources */,
				3A7FE6C12F5019CB00D5A430 /* Frameworks */,
				3A7FE6C22F5019CB00D5A430 /* CopyFiles */,
			);
			buildRules = (
			);
			dependencies = (
			);
			fileSystemSynchronizedGroups = (
				3A7FE6C62F5019CB00D5A430 /* lab3 */,
			);
			name = lab3;
			packageProductDependencies = (
			);
			productName = lab3;
			productReference = 3A7FE6C42F5019CB00D5A430 /* lab3 */;
			productType = "com.apple.product-type.tool";
		};
		3AEAF4602F50369F00CA4CE3 /* lab-dop1 */ = {
			isa = PBXNativeTarget;
			buildConfigurationList = 3AEAF4672F50369F00CA4CE3 /* Build configuration list for PBXNativeTarget "lab-dop1" */;
			buildPhases = (
				3AEAF45D2F50369F00CA4CE3 /* Sources */,
				3AEAF45E2F50369F00CA4CE3 /* Frameworks */,
				3AEAF45F2F50369F00CA4CE3 /* CopyFiles */,
			);
			buildRules = (
			);
			dependencies = (
			);
			fileSystemSynchronizedGroups = (
				3AEAF4622F50369F00CA4CE3 /* lab-dop1 */,
			);
			name = "lab-dop1";
			packageProductDependencies = (
			);
			productName = "lab-dop1";
			productReference = 3AEAF4612F50369F00CA4CE3 /* lab-dop1 */;
			productType = "com.apple.product-type.tool";
		};
		3AEAF46B2F503CCB00CA4CE3 /* lab-dop2 */ = {
			isa = PBXNativeTarget;
			buildConfigurationList = 3AEAF4702F503CCB00CA4CE3 /* Build configuration list for PBXNativeTarget "lab-dop2" */;
			buildPhases = (
				3AEAF4682F503CCB00CA4CE3 /* Sources */,
				3AEAF4692F503CCB00CA4CE3 /* Frameworks */,
				3AEAF46A2F503CCB00CA4CE3 /* CopyFiles */,
			);
			buildRules = (
			);
			dependencies = (
			);
			fileSystemSynchronizedGroups = (
				3AEAF46D2F503CCB00CA4CE3 /* lab-dop2 */,
			);
			name = "lab-dop2";
			packageProductDependencies = (
			);
			productName = "lab-dop2";
			productReference = 3AEAF46C2F503CCB00CA4CE3 /* lab-dop2 */;
			productType = "com.apple.product-type.tool";
		};
		3AEAF4762F503D1500CA4CE3 /* lab-dop3 */ = {
			isa = PBXNativeTarget;
			buildConfigurationList = 3AEAF47B2F503D1500CA4CE3 /* Build configuration list for PBXNativeTarget "lab-dop3" */;
			buildPhases = (
				3AEAF4732F503D1500CA4CE3 /* Sources */,
				3AEAF4742F503D1500CA4CE3 /* Frameworks */,
				3AEAF4752F503D1500CA4CE3 /* CopyFiles */,
			);
			buildRules = (
			);
			dependencies = (
			);
			fileSystemSynchronizedGroups = (
				3AEAF4782F503D1500CA4CE3 /* lab-dop3 */,
			);
			name = "lab-dop3";
			packageProductDependencies = (
			);
			productName = "lab-dop3";
			productReference = 3AEAF4772F503D1500CA4CE3 /* lab-dop3 */;
			productType = "com.apple.product-type.tool";
		};
/* End PBXNativeTarget section */

/* Begin PBXProject section */
		3A7FE6BC2F5019CB00D5A430 /* Project object */ = {
			isa = PBXProject;
			attributes = {
				BuildIndependentTargetsInParallel = 1;
				LastUpgradeCheck = 2620;
				TargetAttributes = {
					3A7FE6C32F5019CB00D5A430 = {
						CreatedOnToolsVersion = 26.2;
					};
					3AEAF4602F50369F00CA4CE3 = {
						CreatedOnToolsVersion = 26.2;
					};
					3AEAF46B2F503CCB00CA4CE3 = {
						CreatedOnToolsVersion = 26.2;
					};
					3AEAF4762F503D1500CA4CE3 = {
						CreatedOnToolsVersion = 26.2;
					};
				};
			};
			buildConfigurationList = 3A7FE6BF2F5019CB00D5A430 /* Build configuration list for PBXProject "lab3" */;
			developmentRegion = en;
			hasScannedForEncodings = 0;
			knownRegions = (
				en,
				Base,
			);
			mainGroup = 3A7FE6BB2F5019CB00D5A430;
			minimizedProjectReferenceProxies = 1;
			preferredProjectObjectVersion = 77;
			productRefGroup = 3A7FE6C52F5019CB00D5A430 /* Products */;
			projectDirPath = "";
			projectRoot = "";
			targets = (
				3A7FE6C32F5019CB00D5A430 /* lab3 */,
				3AEAF4602F50369F00CA4CE3 /* lab-dop1 */,
				3AEAF46B2F503CCB00CA4CE3 /* lab-dop2 */,
				3AEAF4762F503D1500CA4CE3 /* lab-dop3 */,
			);
		};
/* End PBXProject section */

/* Begin PBXSourcesBuildPhase section */
		3A7FE6C02F5019CB00D5A430 /* Sources */ = {
			isa = PBXSourcesBuildPhase;
			buildActionMask = 2147483647;
			files = (
			);
			runOnlyForDeploymentPostprocessing = 0;
		};
		3AEAF45D2F50369F00CA4CE3 /* Sources */ = {
			isa = PBXSourcesBuildPhase;
			buildActionMask = 2147483647;
			files = (
			);
			runOnlyForDeploymentPostprocessing = 0;
		};
		3AEAF4682F503CCB00CA4CE3 /* Sources */ = {
			isa = PBXSourcesBuildPhase;
			buildActionMask = 2147483647;
			files = (
			);
			runOnlyForDeploymentPostprocessing = 0;
		};
		3AEAF4732F503D1500CA4CE3 /* Sources */ = {
			isa = PBXSourcesBuildPhase;
			buildActionMask = 2147483647;
			files = (
			);
			runOnlyForDeploymentPostprocessing = 0;
		};
/* End PBXSourcesBuildPhase section */

/* Begin XCBuildConfiguration section */
		3A7FE6C92F5019CB00D5A430 /* Debug */ = {
			isa = XCBuildConfiguration;
			buildSettings = {
				ALWAYS_SEARCH_USER_PATHS = NO;
				ASSETCATALOG_COMPILER_GENERATE_SWIFT_ASSET_SYMBOL_EXTENSIONS = YES;
				CLANG_ANALYZER_NONNULL = YES;
				CLANG_ANALYZER_NUMBER_OBJECT_CONVERSION = YES_AGGRESSIVE;
				CLANG_CXX_LANGUAGE_STANDARD = "gnu++20";
				CLANG_ENABLE_MODULES = YES;
				CLANG_ENABLE_OBJC_ARC = YES;
				CLANG_ENABLE_OBJC_WEAK = YES;
				CLANG_WARN_BLOCK_CAPTURE_AUTORELEASING = YES;
				CLANG_WARN_BOOL_CONVERSION = YES;
				CLANG_WARN_COMMA = YES;
				CLANG_WARN_CONSTANT_CONVERSION = YES;
				CLANG_WARN_DEPRECATED_OBJC_IMPLEMENTATIONS = YES;
				CLANG_WARN_DIRECT_OBJC_ISA_USAGE = YES_ERROR;
				CLANG_WARN_DOCUMENTATION_COMMENTS = YES;
				CLANG_WARN_EMPTY_BODY = YES;
				CLANG_WARN_ENUM_CONVERSION = YES;
				CLANG_WARN_INFINITE_RECURSION = YES;
				CLANG_WARN_INT_CONVERSION = YES;
				CLANG_WARN_NON_LITERAL_NULL_CONVERSION = YES;
				CLANG_WARN_OBJC_IMPLICIT_RETAIN_SELF = YES;
				CLANG_WARN_OBJC_LITERAL_CONVERSION = YES;
				CLANG_WARN_OBJC_ROOT_CLASS = YES_ERROR;
				CLANG_WARN_QUOTED_INCLUDE_IN_FRAMEWORK_HEADER = YES;
				CLANG_WARN_RANGE_LOOP_ANALYSIS = YES;
				CLANG_WARN_STRICT_PROTOTYPES = YES;
				CLANG_WARN_SUSPICIOUS_MOVE = YES;
				CLANG_WARN_UNGUARDED_AVAILABILITY = YES_AGGRESSIVE;
				CLANG_WARN_UNREACHABLE_CODE = YES;
				CLANG_WARN__DUPLICATE_METHOD_MATCH = YES;
				COPY_PHASE_STRIP = NO;
				DEBUG_INFORMATION_FORMAT = dwarf;
				ENABLE_STRICT_OBJC_MSGSEND = YES;
				ENABLE_TESTABILITY = YES;
				ENABLE_USER_SCRIPT_SANDBOXING = YES;
				GCC_C_LANGUAGE_STANDARD = gnu17;
				GCC_DYNAMIC_NO_PIC = NO;
				GCC_NO_COMMON_BLOCKS = YES;
				GCC_OPTIMIZATION_LEVEL = 0;
				GCC_PREPROCESSOR_DEFINITIONS = (
					"DEBUG=1",
					"$(inherited)",
				);
				GCC_WARN_64_TO_32_BIT_CONVERSION = YES;
				GCC_WARN_ABOUT_RETURN_TYPE = YES_ERROR;
				GCC_WARN_UNDECLARED_SELECTOR = YES;
				GCC_WARN_UNINITIALIZED_AUTOS = YES_AGGRESSIVE;
				GCC_WARN_UNUSED_FUNCTION = YES;
				GCC_WARN_UNUSED_VARIABLE = YES;
				LOCALIZATION_PREFERS_STRING_CATALOGS = YES;
				MACOSX_DEPLOYMENT_TARGET = 26.2;
				MTL_ENABLE_DEBUG_INFO = INCLUDE_SOURCE;
				MTL_FAST_MATH = YES;
				ONLY_ACTIVE_ARCH = YES;
				SDKROOT = macosx;
			};
			name = Debug;
		};
		3A7FE6CA2F5019CB00D5A430 /* Release */ = {
			isa = XCBuildConfiguration;
			buildSettings = {
				ALWAYS_SEARCH_USER_PATHS = NO;
				ASSETCATALOG_COMPILER_GENERATE_SWIFT_ASSET_SYMBOL_EXTENSIONS = YES;
				CLANG_ANALYZER_NONNULL = YES;
				CLANG_ANALYZER_NUMBER_OBJECT_CONVERSION = YES_AGGRESSIVE;
				CLANG_CXX_LANGUAGE_STANDARD = "gnu++20";
				CLANG_ENABLE_MODULES = YES;
				CLANG_ENABLE_OBJC_ARC = YES;
				CLANG_ENABLE_OBJC_WEAK = YES;
				CLANG_WARN_BLOCK_CAPTURE_AUTORELEASING = YES;
				CLANG_WARN_BOOL_CONVERSION = YES;
				CLANG_WARN_COMMA = YES;
				CLANG_WARN_CONSTANT_CONVERSION = YES;
				CLANG_WARN_DEPRECATED_OBJC_IMPLEMENTATIONS = YES;
				CLANG_WARN_DIRECT_OBJC_ISA_USAGE = YES_ERROR;
				CLANG_WARN_DOCUMENTATION_COMMENTS = YES;
				CLANG_WARN_EMPTY_BODY = YES;
				CLANG_WARN_ENUM_CONVERSION = YES;
				CLANG_WARN_INFINITE_RECURSION = YES;
				CLANG_WARN_INT_CONVERSION = YES;
				CLANG_WARN_NON_LITERAL_NULL_CONVERSION = YES;
				CLANG_WARN_OBJC_IMPLICIT_RETAIN_SELF = YES;
				CLANG_WARN_OBJC_LITERAL_CONVERSION = YES;
				CLANG_WARN_OBJC_ROOT_CLASS = YES_ERROR;
				CLANG_WARN_QUOTED_INCLUDE_IN_FRAMEWORK_HEADER = YES;
				CLANG_WARN_RANGE_LOOP_ANALYSIS = YES;
				CLANG_WARN_STRICT_PROTOTYPES = YES;
				CLANG_WARN_SUSPICIOUS_MOVE = YES;
				CLANG_WARN_UNGUARDED_AVAILABILITY = YES_AGGRESSIVE;
				CLANG_WARN_UNREACHABLE_CODE = YES;
				CLANG_WARN__DUPLICATE_METHOD_MATCH = YES;
				COPY_PHASE_STRIP = NO;
				DEBUG_INFORMATION_FORMAT = "dwarf-with-dsym";
				ENABLE_NS_ASSERTIONS = NO;
				ENABLE_STRICT_OBJC_MSGSEND = YES;
				ENABLE_USER_SCRIPT_SANDBOXING = YES;
				GCC_C_LANGUAGE_STANDARD = gnu17;
				GCC_NO_COMMON_BLOCKS = YES;
				GCC_WARN_64_TO_32_BIT_CONVERSION = YES;
				GCC_WARN_ABOUT_RETURN_TYPE = YES_ERROR;
				GCC_WARN_UNDECLARED_SELECTOR = YES;
				GCC_WARN_UNINITIALIZED_AUTOS = YES_AGGRESSIVE;
				GCC_WARN_UNUSED_FUNCTION = YES;
				GCC_WARN_UNUSED_VARIABLE = YES;
				LOCALIZATION_PREFERS_STRING_CATALOGS = YES;
				MACOSX_DEPLOYMENT_TARGET = 26.2;
				MTL_ENABLE_DEBUG_INFO = NO;
				MTL_FAST_MATH = YES;
				SDKROOT = macosx;
			};
			name = Release;
		};
		3A7FE6CC2F5019CB00D5A430 /* Debug */ = {
			isa = XCBuildConfiguration;
			buildSettings = {
				CODE_SIGN_STYLE = Automatic;
				PRODUCT_NAME = "$(TARGET_NAME)";
			};
			name = Debug;
		};
		3A7FE6CD2F5019CB00D5A430 /* Release */ = {
			isa = XCBuildConfiguration;
			buildSettings = {
				CODE_SIGN_STYLE = Automatic;
				PRODUCT_NAME = "$(TARGET_NAME)";
			};
			name = Release;
		};
		3AEAF4652F50369F00CA4CE3 /* Debug */ = {
			isa = XCBuildConfiguration;
			buildSettings = {
				CODE_SIGN_STYLE = Automatic;
				PRODUCT_NAME = "$(TARGET_NAME)";
			};
			name = Debug;
		};
		3AEAF4662F50369F00CA4CE3 /* Release */ = {
			isa = XCBuildConfiguration;
			buildSettings = {
				CODE_SIGN_STYLE = Automatic;
				PRODUCT_NAME = "$(TARGET_NAME)";
			};
			name = Release;
		};
		3AEAF4712F503CCB00CA4CE3 /* Debug */ = {
			isa = XCBuildConfiguration;
			buildSettings = {
				CODE_SIGN_STYLE = Automatic;
				PRODUCT_NAME = "$(TARGET_NAME)";
			};
			name = Debug;
		};
		3AEAF4722F503CCB00CA4CE3 /* Release */ = {
			isa = XCBuildConfiguration;
			buildSettings = {
				CODE_SIGN_STYLE = Automatic;
				PRODUCT_NAME = "$(TARGET_NAME)";
			};
			name = Release;
		};
		3AEAF47C2F503D1500CA4CE3 /* Debug */ = {
			isa = XCBuildConfiguration;
			buildSettings = {
				CODE_SIGN_STYLE = Automatic;
				PRODUCT_NAME = "$(TARGET_NAME)";
			};
			name = Debug;
		};
		3AEAF47D2F503D1500CA4CE3 /* Release */ = {
			isa = XCBuildConfiguration;
			buildSettings = {
				CODE_SIGN_STYLE = Automatic;
				PRODUCT_NAME = "$(TARGET_NAME)";
			};
			name = Release;
		};
/* End XCBuildConfiguration section */

/* Begin XCConfigurationList section */
		3A7FE6BF2F5019CB00D5A430 /* Build configuration list for PBXProject "lab3" */ = {
			isa = XCConfigurationList;
			buildConfigurations = (
				3A7FE6C92F5019CB00D5A430 /* Debug */,
				3A7FE6CA2F5019CB00D5A430 /* Release */,
			);
			defaultConfigurationIsVisible = 0;
			defaultConfigurationName = Release;
		};
		3A7FE6CB2F5019CB00D5A430 /* Build configuration list for PBXNativeTarget "lab3" */ = {
			isa = XCConfigurationList;
			buildConfigurations = (
				3A7FE6CC2F5019CB00D5A430 /* Debug */,
				3A7FE6CD2F5019CB00D5A430 /* Release */,
			);
			defaultConfigurationIsVisible = 0;
			defaultConfigurationName = Release;
		};
		3AEAF4672F50369F00CA4CE3 /* Build configuration list for PBXNativeTarget "lab-dop1" */ = {
			isa = XCConfigurationList;
			buildConfigurations = (
				3AEAF4652F50369F00CA4CE3 /* Debug */,
				3AEAF4662F50369F00CA4CE3 /* Release */,
			);
			defaultConfigurationIsVisible = 0;
			defaultConfigurationName = Release;
		};
		3AEAF4702F503CCB00CA4CE3 /* Build configuration list for PBXNativeTarget "lab-dop2" */ = {
			isa = XCConfigurationList;
			buildConfigurations = (
				3AEAF4712F503CCB00CA4CE3 /* Debug */,
				3AEAF4722F503CCB00CA4CE3 /* Release */,
			);
			defaultConfigurationIsVisible = 0;
			defaultConfigurationName = Release;
		};
		3AEAF47B2F503D1500CA4CE3 /* Build configuration list for PBXNativeTarget "lab-dop3" */ = {
			isa = XCConfigurationList;
			buildConfigurations = (
				3AEAF47C2F503D1500CA4CE3 /* Debug */,
				3AEAF47D2F503D1500CA4CE3 /* Release */,
			);
			defaultConfigurationIsVisible = 0;
			defaultConfigurationName = Release;
		};
/* End XCConfigurationList section */
	};
	rootObject = 3A7FE6BC2F5019CB00D5A430 /* Project object */;
}
