// !$*UTF8*$!
{
	archiveVersion = 1;
	classes = {
	};
	objectVersion = 77;
	objects = {

/* Begin PBXCopyFilesBuildPhase section */
		3A381D872F3DB01A00A9EF7B /* CopyFiles */ = {
			isa = PBXCopyFilesBuildPhase;
			buildActionMask = 2147483647;
			dstPath = /usr/share/man/man1/;
			dstSubfolderSpec = 0;
			files = (
			);
			runOnlyForDeploymentPostprocessing = 1;
		};
		3A381D9D2F3DC93300A9EF7B /* CopyFiles */ = {
			isa = PBXCopyFilesBuildPhase;
			buildActionMask = 2147483647;
			dstPath = /usr/share/man/man1/;
			dstSubfolderSpec = 0;
			files = (
			);
			runOnlyForDeploymentPostprocessing = 1;
		};
		3A381DA82F3DCC9C00A9EF7B /* CopyFiles */ = {
			isa = PBXCopyFilesBuildPhase;
			buildActionMask = 2147483647;
			dstPath = /usr/share/man/man1/;
			dstSubfolderSpec = 0;
			files = (
			);
			runOnlyForDeploymentPostprocessing = 1;
		};
		3A381DB32F3DCF5E00A9EF7B /* CopyFiles */ = {
			isa = PBXCopyFilesBuildPhase;
			buildActionMask = 2147483647;
			dstPath = /usr/share/man/man1/;
			dstSubfolderSpec = 0;
			files = (
			);
			runOnlyForDeploymentPostprocessing = 1;
		};
/* End PBXCopyFilesBuildPhase section */

/* Begin PBXFileReference section */
		3A381D892F3DB01A00A9EF7B /* lab1(c-files) */ = {isa = PBXFileReference; explicitFileType = "compiled.mach-o.executable"; includeInIndex = 0; path = "lab1(c-files)"; sourceTree = BUILT_PRODUCTS_DIR; };
		3A381D9F2F3DC93300A9EF7B /* lab-1-2 */ = {isa = PBXFileReference; explicitFileType = "compiled.mach-o.executable"; includeInIndex = 0; path = "lab-1-2"; sourceTree = BUILT_PRODUCTS_DIR; };
		3A381DAA2F3DCC9C00A9EF7B /* lab-1-dop-1 */ = {isa = PBXFileReference; explicitFileType = "compiled.mach-o.executable"; includeInIndex = 0; path = "lab-1-dop-1"; sourceTree = BUILT_PRODUCTS_DIR; };
		3A381DB52F3DCF5E00A9EF7B /* lab-1-dop-2 */ = {isa = PBXFileReference; explicitFileType = "compiled.mach-o.executable"; includeInIndex = 0; path = "lab-1-dop-2"; sourceTree = BUILT_PRODUCTS_DIR; };
/* End PBXFileReference section */

/* Begin PBXFileSystemSynchronizedRootGroup section */
		3A381D8B2F3DB01A00A9EF7B /* lab1(c-files) */ = {
			isa = PBXFileSystemSynchronizedRootGroup;
			path = "lab1(c-files)";
			sourceTree = "<group>";
		};
		3A381DA02F3DC93300A9EF7B /* lab-1-2 */ = {
			isa = PBXFileSystemSynchronizedRootGroup;
			path = "lab-1-2";
			sourceTree = "<group>";
		};
		3A381DAB2F3DCC9C00A9EF7B /* lab-1-dop-1 */ = {
			isa = PBXFileSystemSynchronizedRootGroup;
			path = "lab-1-dop-1";
			sourceTree = "<group>";
		};
		3A381DB62F3DCF5E00A9EF7B /* lab-1-dop-2 */ = {
			isa = PBXFileSystemSynchronizedRootGroup;
			path = "lab-1-dop-2";
			sourceTree = "<group>";
		};
/* End PBXFileSystemSynchronizedRootGroup section */

/* Begin PBXFrameworksBuildPhase section */
		3A381D862F3DB01A00A9EF7B /* Frameworks */ = {
			isa = PBXFrameworksBuildPhase;
			buildActionMask = 2147483647;
			files = (
			);
			runOnlyForDeploymentPostprocessing = 0;
		};
		3A381D9C2F3DC93300A9EF7B /* Frameworks */ = {
			isa = PBXFrameworksBuildPhase;
			buildActionMask = 2147483647;
			files = (
			);
			runOnlyForDeploymentPostprocessing = 0;
		};
		3A381DA72F3DCC9C00A9EF7B /* Frameworks */ = {
			isa = PBXFrameworksBuildPhase;
			buildActionMask = 2147483647;
			files = (
			);
			runOnlyForDeploymentPostprocessing = 0;
		};
		3A381DB22F3DCF5E00A9EF7B /* Frameworks */ = {
			isa = PBXFrameworksBuildPhase;
			buildActionMask = 2147483647;
			files = (
			);
			runOnlyForDeploymentPostprocessing = 0;
		};
/* End PBXFrameworksBuildPhase section */

/* Begin PBXGroup section */
		3A381D802F3DB01A00A9EF7B = {
			isa = PBXGroup;
			children = (
				3A381D8B2F3DB01A00A9EF7B /* lab1(c-files) */,
				3A381DA02F3DC93300A9EF7B /* lab-1-2 */,
				3A381DAB2F3DCC9C00A9EF7B /* lab-1-dop-1 */,
				3A381DB62F3DCF5E00A9EF7B /* lab-1-dop-2 */,
				3A381D8A2F3DB01A00A9EF7B /* Products */,
			);
			sourceTree = "<group>";
		};
		3A381D8A2F3DB01A00A9EF7B /* Products */ = {
			isa = PBXGroup;
			children = (
				3A381D892F3DB01A00A9EF7B /* lab1(c-files) */,
				3A381D9F2F3DC93300A9EF7B /* lab-1-2 */,
				3A381DAA2F3DCC9C00A9EF7B /* lab-1-dop-1 */,
				3A381DB52F3DCF5E00A9EF7B /* lab-1-dop-2 */,
			);
			name = Products;
			sourceTree = "<group>";
		};
/* End PBXGroup section */

/* Begin PBXNativeTarget section */
		3A381D882F3DB01A00A9EF7B /* lab1(c-files) */ = {
			isa = PBXNativeTarget;
			buildConfigurationList = 3A381D902F3DB01A00A9EF7B /* Build configuration list for PBXNativeTarget "lab1(c-files)" */;
			buildPhases = (
				3A381D852F3DB01A00A9EF7B /* Sources */,
				3A381D862F3DB01A00A9EF7B /* Frameworks */,
				3A381D872F3DB01A00A9EF7B /* CopyFiles */,
			);
			buildRules = (
			);
			dependencies = (
			);
			fileSystemSynchronizedGroups = (
				3A381D8B2F3DB01A00A9EF7B /* lab1(c-files) */,
			);
			name = "lab1(c-files)";
			packageProductDependencies = (
			);
			productName = "lab1(c-files)";
			productReference = 3A381D892F3DB01A00A9EF7B /* lab1(c-files) */;
			productType = "com.apple.product-type.tool";
		};
		3A381D9E2F3DC93300A9EF7B /* lab-1-2 */ = {
			isa = PBXNativeTarget;
			buildConfigurationList = 3A381DA32F3DC93300A9EF7B /* Build configuration list for PBXNativeTarget "lab-1-2" */;
			buildPhases = (
				3A381D9B2F3DC93300A9EF7B /* Sources */,
				3A381D9C2F3DC93300A9EF7B /* Frameworks */,
				3A381D9D2F3DC93300A9EF7B /* CopyFiles */,
			);
			buildRules = (
			);
			dependencies = (
			);
			fileSystemSynchronizedGroups = (
				3A381DA02F3DC93300A9EF7B /* lab-1-2 */,
			);
			name = "lab-1-2";
			packageProductDependencies = (
			);
			productName = "lab-1-2";
			productReference = 3A381D9F2F3DC93300A9EF7B /* lab-1-2 */;
			productType = "com.apple.product-type.tool";
		};
		3A381DA92F3DCC9C00A9EF7B /* lab-1-dop-1 */ = {
			isa = PBXNativeTarget;
			buildConfigurationList = 3A381DAE2F3DCC9C00A9EF7B /* Build configuration list for PBXNativeTarget "lab-1-dop-1" */;
			buildPhases = (
				3A381DA62F3DCC9C00A9EF7B /* Sources */,
				3A381DA72F3DCC9C00A9EF7B /* Frameworks */,
				3A381DA82F3DCC9C00A9EF7B /* CopyFiles */,
			);
			buildRules = (
			);
			dependencies = (
			);
			fileSystemSynchronizedGroups = (
				3A381DAB2F3DCC9C00A9EF7B /* lab-1-dop-1 */,
			);
			name = "lab-1-dop-1";
			packageProductDependencies = (
			);
			productName = "lab-1-dop-1";
			productReference = 3A381DAA2F3DCC9C00A9EF7B /* lab-1-dop-1 */;
			productType = "com.apple.product-type.tool";
		};
		3A381DB42F3DCF5E00A9EF7B /* lab-1-dop-2 */ = {
			isa = PBXNativeTarget;
			buildConfigurationList = 3A381DB92F3DCF5E00A9EF7B /* Build configuration list for PBXNativeTarget "lab-1-dop-2" */;
			buildPhases = (
				3A381DB12F3DCF5E00A9EF7B /* Sources */,
				3A381DB22F3DCF5E00A9EF7B /* Frameworks */,
				3A381DB32F3DCF5E00A9EF7B /* CopyFiles */,
			);
			buildRules = (
			);
			dependencies = (
			);
			fileSystemSynchronizedGroups = (
				3A381DB62F3DCF5E00A9EF7B /* lab-1-dop-2 */,
			);
			name = "lab-1-dop-2";
			packageProductDependencies = (
			);
			productName = "lab-1-dop-2";
			productReference = 3A381DB52F3DCF5E00A9EF7B /* lab-1-dop-2 */;
			productType = "com.apple.product-type.tool";
		};
/* End PBXNativeTarget section */

/* Begin PBXProject section */
		3A381D812F3DB01A00A9EF7B /* Project object */ = {
			isa = PBXProject;
			attributes = {
				BuildIndependentTargetsInParallel = 1;
				LastUpgradeCheck = 2620;
				TargetAttributes = {
					3A381D882F3DB01A00A9EF7B = {
						CreatedOnToolsVersion = 26.2;
					};
					3A381D9E2F3DC93300A9EF7B = {
						CreatedOnToolsVersion = 26.2;
					};
					3A381DA92F3DCC9C00A9EF7B = {
						CreatedOnToolsVersion = 26.2;
					};
					3A381DB42F3DCF5E00A9EF7B = {
						CreatedOnToolsVersion = 26.2;
					};
				};
			};
			buildConfigurationList = 3A381D842F3DB01A00A9EF7B /* Build configuration list for PBXProject "lab1(c-files)" */;
			developmentRegion = en;
			hasScannedForEncodings = 0;
			knownRegions = (
				en,
				Base,
			);
			mainGroup = 3A381D802F3DB01A00A9EF7B;
			minimizedProjectReferenceProxies = 1;
			preferredProjectObjectVersion = 77;
			productRefGroup = 3A381D8A2F3DB01A00A9EF7B /* Products */;
			projectDirPath = "";
			projectRoot = "";
			targets = (
				3A381D882F3DB01A00A9EF7B /* lab1(c-files) */,
				3A381D9E2F3DC93300A9EF7B /* lab-1-2 */,
				3A381DA92F3DCC9C00A9EF7B /* lab-1-dop-1 */,
				3A381DB42F3DCF5E00A9EF7B /* lab-1-dop-2 */,
			);
		};
/* End PBXProject section */

/* Begin PBXSourcesBuildPhase section */
		3A381D852F3DB01A00A9EF7B /* Sources */ = {
			isa = PBXSourcesBuildPhase;
			buildActionMask = 2147483647;
			files = (
			);
			runOnlyForDeploymentPostprocessing = 0;
		};
		3A381D9B2F3DC93300A9EF7B /* Sources */ = {
			isa = PBXSourcesBuildPhase;
			buildActionMask = 2147483647;
			files = (
			);
			runOnlyForDeploymentPostprocessing = 0;
		};
		3A381DA62F3DCC9C00A9EF7B /* Sources */ = {
			isa = PBXSourcesBuildPhase;
			buildActionMask = 2147483647;
			files = (
			);
			runOnlyForDeploymentPostprocessing = 0;
		};
		3A381DB12F3DCF5E00A9EF7B /* Sources */ = {
			isa = PBXSourcesBuildPhase;
			buildActionMask = 2147483647;
			files = (
			);
			runOnlyForDeploymentPostprocessing = 0;
		};
/* End PBXSourcesBuildPhase section */

/* Begin XCBuildConfiguration section */
		3A381D8E2F3DB01A00A9EF7B /* Debug */ = {
			isa = XCBuildConfiguration;
			buildSettings = {
				ALWAYS_SEARCH_USER_PATHS = NO;
				ASSETCATALOG_COMPILER_GENERATE_SWIFT_ASSET_SYMBOL_EXTENSIONS = YES;
				CLANG_ANALYZER_NONNULL = YES;
				CLANG_ANALYZER_NUMBER_OBJECT_CONVERSION = YES_AGGRESSIVE;
				CLANG_CXX_LANGUAGE_STANDARD = "gnu++20";
				CLANG_ENABLE_MODULES = YES;
				CLANG_ENABLE_OBJC_ARC = YES;
				CLANG_ENABLE_OBJC_WEAK = YES;
				CLANG_WARN_BLOCK_CAPTURE_AUTORELEASING = YES;
				CLANG_WARN_BOOL_CONVERSION = YES;
				CLANG_WARN_COMMA = YES;
				CLANG_WARN_CONSTANT_CONVERSION = YES;
				CLANG_WARN_DEPRECATED_OBJC_IMPLEMENTATIONS = YES;
				CLANG_WARN_DIRECT_OBJC_ISA_USAGE = YES_ERROR;
				CLANG_WARN_DOCUMENTATION_COMMENTS = YES;
				CLANG_WARN_EMPTY_BODY = YES;
				CLANG_WARN_ENUM_CONVERSION = YES;
				CLANG_WARN_INFINITE_RECURSION = YES;
				CLANG_WARN_INT_CONVERSION = YES;
				CLANG_WARN_NON_LITERAL_NULL_CONVERSION = YES;
				CLANG_WARN_OBJC_IMPLICIT_RETAIN_SELF = YES;
				CLANG_WARN_OBJC_LITERAL_CONVERSION = YES;
				CLANG_WARN_OBJC_ROOT_CLASS = YES_ERROR;
				CLANG_WARN_QUOTED_INCLUDE_IN_FRAMEWORK_HEADER = YES;
				CLANG_WARN_RANGE_LOOP_ANALYSIS = YES;
				CLANG_WARN_STRICT_PROTOTYPES = YES;
				CLANG_WARN_SUSPICIOUS_MOVE = YES;
				CLANG_WARN_UNGUARDED_AVAILABILITY = YES_AGGRESSIVE;
				CLANG_WARN_UNREACHABLE_CODE = YES;
				CLANG_WARN__DUPLICATE_METHOD_MATCH = YES;
				COPY_PHASE_STRIP = NO;
				DEBUG_INFORMATION_FORMAT = dwarf;
				ENABLE_STRICT_OBJC_MSGSEND = YES;
				ENABLE_TESTABILITY = YES;
				ENABLE_USER_SCRIPT_SANDBOXING = YES;
				GCC_C_LANGUAGE_STANDARD = gnu17;
				GCC_DYNAMIC_NO_PIC = NO;
				GCC_NO_COMMON_BLOCKS = YES;
				GCC_OPTIMIZATION_LEVEL = 0;
				GCC_PREPROCESSOR_DEFINITIONS = (
					"DEBUG=1",
					"$(inherited)",
				);
				GCC_WARN_64_TO_32_BIT_CONVERSION = YES;
				GCC_WARN_ABOUT_RETURN_TYPE = YES_ERROR;
				GCC_WARN_UNDECLARED_SELECTOR = YES;
				GCC_WARN_UNINITIALIZED_AUTOS = YES_AGGRESSIVE;
				GCC_WARN_UNUSED_FUNCTION = YES;
				GCC_WARN_UNUSED_VARIABLE = YES;
				LOCALIZATION_PREFERS_STRING_CATALOGS = YES;
				MACOSX_DEPLOYMENT_TARGET = 26.2;
				MTL_ENABLE_DEBUG_INFO = INCLUDE_SOURCE;
				MTL_FAST_MATH = YES;
				ONLY_ACTIVE_ARCH = YES;
				SDKROOT = macosx;
			};
			name = Debug;
		};
		3A381D8F2F3DB01A00A9EF7B /* Release */ = {
			isa = XCBuildConfiguration;
			buildSettings = {
				ALWAYS_SEARCH_USER_PATHS = NO;
				ASSETCATALOG_COMPILER_GENERATE_SWIFT_ASSET_SYMBOL_EXTENSIONS = YES;
				CLANG_ANALYZER_NONNULL = YES;
				CLANG_ANALYZER_NUMBER_OBJECT_CONVERSION = YES_AGGRESSIVE;
				CLANG_CXX_LANGUAGE_STANDARD = "gnu++20";
				CLANG_ENABLE_MODULES = YES;
				CLANG_ENABLE_OBJC_ARC = YES;
				CLANG_ENABLE_OBJC_WEAK = YES;
				CLANG_WARN_BLOCK_CAPTURE_AUTORELEASING = YES;
				CLANG_WARN_BOOL_CONVERSION = YES;
				CLANG_WARN_COMMA = YES;
				CLANG_WARN_CONSTANT_CONVERSION = YES;
				CLANG_WARN_DEPRECATED_OBJC_IMPLEMENTATIONS = YES;
				CLANG_WARN_DIRECT_OBJC_ISA_USAGE = YES_ERROR;
				CLANG_WARN_DOCUMENTATION_COMMENTS = YES;
				CLANG_WARN_EMPTY_BODY = YES;
				CLANG_WARN_ENUM_CONVERSION = YES;
				CLANG_WARN_INFINITE_RECURSION = YES;
				CLANG_WARN_INT_CONVERSION = YES;
				CLANG_WARN_NON_LITERAL_NULL_CONVERSION = YES;
				CLANG_WARN_OBJC_IMPLICIT_RETAIN_SELF = YES;
				CLANG_WARN_OBJC_LITERAL_CONVERSION = YES;
				CLANG_WARN_OBJC_ROOT_CLASS = YES_ERROR;
				CLANG_WARN_QUOTED_INCLUDE_IN_FRAMEWORK_HEADER = YES;
				CLANG_WARN_RANGE_LOOP_ANALYSIS = YES;
				CLANG_WARN_STRICT_PROTOTYPES = YES;
				CLANG_WARN_SUSPICIOUS_MOVE = YES;
				CLANG_WARN_UNGUARDED_AVAILABILITY = YES_AGGRESSIVE;
				CLANG_WARN_UNREACHABLE_CODE = YES;
				CLANG_WARN__DUPLICATE_METHOD_MATCH = YES;
				COPY_PHASE_STRIP = NO;
				DEBUG_INFORMATION_FORMAT = "dwarf-with-dsym";
				ENABLE_NS_ASSERTIONS = NO;
				ENABLE_STRICT_OBJC_MSGSEND = YES;
				ENABLE_USER_SCRIPT_SANDBOXING = YES;
				GCC_C_LANGUAGE_STANDARD = gnu17;
				GCC_NO_COMMON_BLOCKS = YES;
				GCC_WARN_64_TO_32_BIT_CONVERSION = YES;
				GCC_WARN_ABOUT_RETURN_TYPE = YES_ERROR;
				GCC_WARN_UNDECLARED_SELECTOR = YES;
				GCC_WARN_UNINITIALIZED_AUTOS = YES_AGGRESSIVE;
				GCC_WARN_UNUSED_FUNCTION = YES;
				GCC_WARN_UNUSED_VARIABLE = YES;
				LOCALIZATION_PREFERS_STRING_CATALOGS = YES;
				MACOSX_DEPLOYMENT_TARGET = 26.2;
				MTL_ENABLE_DEBUG_INFO = NO;
				MTL_FAST_MATH = YES;
				SDKROOT = macosx;
			};
			name = Release;
		};
		3A381D912F3DB01A00A9EF7B /* Debug */ = {
			isa = XCBuildConfiguration;
			buildSettings = {
				CODE_SIGN_STYLE = Automatic;
				PRODUCT_NAME = "$(TARGET_NAME)";
			};
			name = Debug;
		};
		3A381D922F3DB01A00A9EF7B /* Release */ = {
			isa = XCBuildConfiguration;
			buildSettings = {
				CODE_SIGN_STYLE = Automatic;
				PRODUCT_NAME = "$(TARGET_NAME)";
			};
			name = Release;
		};
		3A381DA42F3DC93300A9EF7B /* Debug */ = {
			isa = XCBuildConfiguration;
			buildSettings = {
				CODE_SIGN_STYLE = Automatic;
				PRODUCT_NAME = "$(TARGET_NAME)";
			};
			name = Debug;
		};
		3A381DA52F3DC93300A9EF7B /* Release */ = {
			isa = XCBuildConfiguration;
			buildSettings = {
				CODE_SIGN_STYLE = Automatic;
				PRODUCT_NAME = "$(TARGET_NAME)";
			};
			name = Release;
		};
		3A381DAF2F3DCC9C00A9EF7B /* Debug */ = {
			isa = XCBuildConfiguration;
			buildSettings = {
				CODE_SIGN_STYLE = Automatic;
				PRODUCT_NAME = "$(TARGET_NAME)";
			};
			name = Debug;
		};
		3A381DB02F3DCC9C00A9EF7B /* Release */ = {
			isa = XCBuildConfiguration;
			buildSettings = {
				CODE_SIGN_STYLE = Automatic;
				PRODUCT_NAME = "$(TARGET_NAME)";
			};
			name = Release;
		};
		3A381DBA2F3DCF5E00A9EF7B /* Debug */ = {
			isa = XCBuildConfiguration;
			buildSettings = {
				CODE_SIGN_STYLE = Automatic;
				PRODUCT_NAME = "$(TARGET_NAME)";
			};
			name = Debug;
		};
		3A381DBB2F3DCF5E00A9EF7B /* Release */ = {
			isa = XCBuildConfiguration;
			buildSettings = {
				CODE_SIGN_STYLE = Automatic;
				PRODUCT_NAME = "$(TARGET_NAME)";
			};
			name = Release;
		};
/* End XCBuildConfiguration section */

/* Begin XCConfigurationList section */
		3A381D842F3DB01A00A9EF7B /* Build configuration list for PBXProject "lab1(c-files)" */ = {
			isa = XCConfigurationList;
			buildConfigurations = (
				3A381D8E2F3DB01A00A9EF7B /* Debug */,
				3A381D8F2F3DB01A00A9EF7B /* Release */,
			);
			defaultConfigurationIsVisible = 0;
			defaultConfigurationName = Release;
		};
		3A381D902F3DB01A00A9EF7B /* Build configuration list for PBXNativeTarget "lab1(c-files)" */ = {
			isa = XCConfigurationList;
			buildConfigurations = (
				3A381D912F3DB01A00A9EF7B /* Debug */,
				3A381D922F3DB01A00A9EF7B /* Release */,
			);
			defaultConfigurationIsVisible = 0;
			defaultConfigurationName = Release;
		};
		3A381DA32F3DC93300A9EF7B /* Build configuration list for PBXNativeTarget "lab-1-2" */ = {
			isa = XCConfigurationList;
			buildConfigurations = (
				3A381DA42F3DC93300A9EF7B /* Debug */,
				3A381DA52F3DC93300A9EF7B /* Release */,
			);
			defaultConfigurationIsVisible = 0;
			defaultConfigurationName = Release;
		};
		3A381DAE2F3DCC9C00A9EF7B /* Build configuration list for PBXNativeTarget "lab-1-dop-1" */ = {
			isa = XCConfigurationList;
			buildConfigurations = (
				3A381DAF2F3DCC9C00A9EF7B /* Debug */,
				3A381DB02F3DCC9C00A9EF7B /* Release */,
			);
			defaultConfigurationIsVisible = 0;
			defaultConfigurationName = Release;
		};
		3A381DB92F3DCF5E00A9EF7B /* Build configuration list for PBXNativeTarget "lab-1-dop-2" */ = {
			isa = XCConfigurationList;
			buildConfigurations = (
				3A381DBA2F3DCF5E00A9EF7B /* Debug */,
				3A381DBB2F3DCF5E00A9EF7B /* Release */,
			);
			defaultConfigurationIsVisible = 0;
			defaultConfigurationName = Release;
		};
/* End XCConfigurationList section */
	};
	rootObject = 3A381D812F3DB01A00A9EF7B /* Project object */;
}
